<?xml version="1.0" encoding="utf-8"?>
<Project ToolsVersion="4.0" xmlns="http://schemas.microsoft.com/developer/msbuild/2003">
  <ItemGroup>
    <Filter Include="Source Files">
      <UniqueIdentifier>{4FC737F1-C7A5-4376-A066-2A32D752A2FF}</UniqueIdentifier>
      <Extensions>cpp;c;cc;cxx;def;odl;idl;hpj;bat;asm;asmx</Extensions>
    </Filter>
    <Filter Include="Header Files">
      <UniqueIdentifier>{93995380-89BD-4b04-88EB-625FBE52EBFB}</UniqueIdentifier>
      <Extensions>h;hh;hpp;hxx;hm;inl;inc;xsd</Extensions>
    </Filter>
    <Filter Include="Resource Files">
      <UniqueIdentifier>{67DA6AB6-F800-4c08-8B7A-83BB121AAD01}</UniqueIdentifier>
      <Extensions>rc;ico;cur;bmp;dlg;rc2;rct;bin;rgs;gif;jpg;jpeg;jpe;resx;tiff;tif;png;wav;mfcribbon-ms</Extensions>
    </Filter>
    <Filter Include="Resource Files\Shaders">
      <UniqueIdentifier>{f9e8367d-eff4-4117-94f4-7b72ff94efde}</UniqueIdentifier>
    </Filter>
    <Filter Include="Header Files\GameEngine">
      <UniqueIdentifier>{abee1680-9bc5-45a5-8534-92b0e4f6c63c}</UniqueIdentifier>
    </Filter>
    <Filter Include="Header Files\GameEngine\Components">
      <UniqueIdentifier>{f5c78ca0-d092-4c92-9790-b62d77e7a1f7}</UniqueIdentifier>
    </Filter>
    <Filter Include="Source Files\GameEngine">
      <UniqueIdentifier>{987b1dd4-fc64-4493-9846-eaf8b390f0b0}</UniqueIdentifier>
    </Filter>
    <Filter Include="Source Files\GameEngine\Components">
      <UniqueIdentifier>{769d440b-f15e-4b3e-a3c3-6c97dbd44933}</UniqueIdentifier>
    </Filter>
  </ItemGroup>
  <ItemGroup>
    <ClCompile Include="Main.cpp">
      <Filter>Source Files</Filter>
    </ClCompile>
    <ClCompile Include="MathExt.cpp">
      <Filter>Source Files</Filter>
    </ClCompile>
    <ClCompile Include="KeyBinder.cpp">
      <Filter>Source Files</Filter>
    </ClCompile>
    <ClCompile Include="RenderManager.cpp">
      <Filter>Source Files\GameEngine</Filter>
    </ClCompile>
    <ClCompile Include="GLWrapper.cpp">
      <Filter>Source Files\GameEngine</Filter>
    </ClCompile>
  </ItemGroup>
  <ItemGroup>
    <ClInclude Include="MathExt.h">
      <Filter>Header Files</Filter>
    </ClInclude>
    <ClInclude Include="KeyBinder.h">
      <Filter>Header Files</Filter>
    </ClInclude>
    <ClInclude Include="resource.h">
      <Filter>Resource Files</Filter>
    </ClInclude>
    <ClInclude Include="GameObject.h">
      <Filter>Header Files\GameEngine\Components</Filter>
    </ClInclude>
    <ClInclude Include="BaseComponents.h">
      <Filter>Header Files\GameEngine\Components</Filter>
    </ClInclude>
    <ClInclude Include="RenderManager.h">
      <Filter>Header Files\GameEngine</Filter>
    </ClInclude>
    <ClInclude Include="GLWrapper.h">
      <Filter>Header Files\GameEngine</Filter>
    </ClInclude>
    <ClInclude Include="Engine.h">
      <Filter>Header Files\GameEngine</Filter>
    </ClInclude>
  </ItemGroup>
  <ItemGroup>
    <ResourceCompile Include="CoreProfile.rc">
      <Filter>Resource Files</Filter>
    </ResourceCompile>
  </ItemGroup>
  <ItemGroup>
    <Image Include="icon1.ico">
      <Filter>Resource Files</Filter>
    </Image>
  </ItemGroup>
  <ItemGroup>
    <None Include="shaders\shader.fs">
      <Filter>Resource Files\Shaders</Filter>
    </None>
    <None Include="shaders\shader.vs">
      <Filter>Resource Files\Shaders</Filter>
    </None>
  </ItemGroup>
</Project>